{
  "name": "jam-togthr",
  "version": "0.0.0",
  "lockfileVersion": 3,
  "requires": true,
  "packages": {
    "": {
      "name": "jam-togthr",
      "version": "0.0.0",
      "devDependencies": {
        "markdownlint-cli2": "^0.13.0",
        "prettier": "^3.3.3"
      }
    },
    "node_modules/markdownlint-cli2": {
      "version": "0.13.0",
      "dev": true
    },
    "node_modules/prettier": {
      "version": "3.3.3",
      "dev": true
    }
  },
  "dependencies": {
    "markdownlint-cli2": {
      "version": "0.13.0",
      "dev": true
    },
    "prettier": {
      "version": "3.3.3",
      "dev": true
    }
  }
}
